
Microsoft Visual Studio Solution File, Format Version 12.00
# Visual Studio Version 16
VisualStudioVersion = 16.0.31729.503
MinimumVisualStudioVersion = 10.0.40219.1
Project("{FAE04EC0-301F-11D3-BF4B-00C04F79EFBC}") = "PinWebForms", "PinWebForms.csproj", "{3238BB8A-BF68-4E4D-ACF1-615A15793ECD}"
EndProject
Global
	GlobalSection(SolutionConfigurationPlatforms) = preSolution
		Debug|Any CPU = Debug|Any CPU
		Release|Any CPU = Release|Any CPU
	EndGlobalSection
	GlobalSection(ProjectConfigurationPlatforms) = postSolution
		{3238BB8A-BF68-4E4D-ACF1-615A15793ECD}.Debug|Any CPU.ActiveCfg = Debug|Any CPU
		{3238BB8A-BF68-4E4D-ACF1-615A15793ECD}.Debug|Any CPU.Build.0 = Debug|Any CPU
		{3238BB8A-BF68-4E4D-ACF1-615A15793ECD}.Release|Any CPU.ActiveCfg = Release|Any CPU
		{3238BB8A-BF68-4E4D-ACF1-615A15793ECD}.Release|Any CPU.Build.0 = Release|Any CPU
	EndGlobalSection
	GlobalSection(SolutionProperties) = preSolution
		HideSolutionNode = FALSE
	EndGlobalSection
	GlobalSection(ExtensibilityGlobals) = postSolution
		SolutionGuid = {9BE9563C-A6EE-4B9F-91A6-B37088C2C2B8}
	EndGlobalSection
EndGlobal
